
Microsoft Visual Studio Solution File, Format Version 12.00
Project("{FAE04EC0-301F-11D3-BF4B-00C04F79EFBC}") = "CReed.TimestampGuid", "CReed.TimestampGuid\CReed.TimestampGuid.csproj", "{6017CC99-A803-4985-87D4-C560B49FF788}"
EndProject
Project("{FAE04EC0-301F-11D3-BF4B-00C04F79EFBC}") = "CReed.TimestampGuid.Demo", "CReed.TimestampGuid.Demo\CReed.TimestampGuid.Demo.csproj", "{EF43B48C-A953-4667-997F-9EC32C88CF81}"
EndProject
Global
	GlobalSection(SolutionConfigurationPlatforms) = preSolution
		Debug|Any CPU = Debug|Any CPU
		Release|Any CPU = Release|Any CPU
	EndGlobalSection
	GlobalSection(ProjectConfigurationPlatforms) = postSolution
		{6017CC99-A803-4985-87D4-C560B49FF788}.Debug|Any CPU.ActiveCfg = Debug|Any CPU
		{6017CC99-A803-4985-87D4-C560B49FF788}.Debug|Any CPU.Build.0 = Debug|Any CPU
		{6017CC99-A803-4985-87D4-C560B49FF788}.Release|Any CPU.ActiveCfg = Release|Any CPU
		{6017CC99-A803-4985-87D4-C560B49FF788}.Release|Any CPU.Build.0 = Release|Any CPU
		{EF43B48C-A953-4667-997F-9EC32C88CF81}.Debug|Any CPU.ActiveCfg = Debug|Any CPU
		{EF43B48C-A953-4667-997F-9EC32C88CF81}.Debug|Any CPU.Build.0 = Debug|Any CPU
		{EF43B48C-A953-4667-997F-9EC32C88CF81}.Release|Any CPU.ActiveCfg = Release|Any CPU
		{EF43B48C-A953-4667-997F-9EC32C88CF81}.Release|Any CPU.Build.0 = Release|Any CPU
	EndGlobalSection
EndGlobal
